
Microsoft Visual Studio Solution File, Format Version 12.00
# Visual Studio 15
VisualStudioVersion = 15.0.26020.0
MinimumVisualStudioVersion = 10.0.40219.1
Project("{FAE04EC0-301F-11D3-BF4B-00C04F79EFBC}") = "SlientAway", "SlientAway\SlientAway.csproj", "{D09FF579-1C75-46B8-85ED-DEF17C85D796}"
EndProject
Global
	GlobalSection(SolutionConfigurationPlatforms) = preSolution
		Debug|Any CPU = Debug|Any CPU
		Release|Any CPU = Release|Any CPU
	EndGlobalSection
	GlobalSection(ProjectConfigurationPlatforms) = postSolution
		{D09FF579-1C75-46B8-85ED-DEF17C85D796}.Debug|Any CPU.ActiveCfg = Debug|Any CPU
		{D09FF579-1C75-46B8-85ED-DEF17C85D796}.Debug|Any CPU.Build.0 = Debug|Any CPU
		{D09FF579-1C75-46B8-85ED-DEF17C85D796}.Release|Any CPU.ActiveCfg = Release|Any CPU
		{D09FF579-1C75-46B8-85ED-DEF17C85D796}.Release|Any CPU.Build.0 = Release|Any CPU
	EndGlobalSection
	GlobalSection(SolutionProperties) = preSolution
		HideSolutionNode = FALSE
	EndGlobalSection
EndGlobal
